
Microsoft Visual Studio Solution File, Format Version 12.00
# Visual Studio Version 16
VisualStudioVersion = 16.0.30611.23
MinimumVisualStudioVersion = 10.0.40219.1
Project("{8BC9CEB8-8B4A-11D0-8D11-00A0C91BC942}") = "libHelium", "src\libHelium.vcxproj", "{B572468D-A94C-4EDE-8082-F6DE865B19CD}"
EndProject
Project("{8BC9CEB8-8B4A-11D0-8D11-00A0C91BC942}") = "AppHelium", "src\AppHelium.vcxproj", "{DBBC8267-5035-49DD-A0B7-63567F765D4C}"
	ProjectSection(ProjectDependencies) = postProject
		{B572468D-A94C-4EDE-8082-F6DE865B19CD} = {B572468D-A94C-4EDE-8082-F6DE865B19CD}
	EndProjectSection
EndProject
Project("{8BC9CEB8-8B4A-11D0-8D11-00A0C91BC942}") = "ProjectTexture", "src\ProjectTexture.vcxproj", "{915F1CB2-4C26-4A60-B4A8-14F364871B33}"
	ProjectSection(ProjectDependencies) = postProject
		{B572468D-A94C-4EDE-8082-F6DE865B19CD} = {B572468D-A94C-4EDE-8082-F6DE865B19CD}
	EndProjectSection
EndProject
Project("{8BC9CEB8-8B4A-11D0-8D11-00A0C91BC942}") = "UVRemapping", "src\UVRemapping.vcxproj", "{9D98709F-6A04-4136-93F9-FA090F29C9CA}"
	ProjectSection(ProjectDependencies) = postProject
		{B572468D-A94C-4EDE-8082-F6DE865B19CD} = {B572468D-A94C-4EDE-8082-F6DE865B19CD}
	EndProjectSection
EndProject
Project("{8BC9CEB8-8B4A-11D0-8D11-00A0C91BC942}") = "TextureBlending", "src\TextureBlending.vcxproj", "{5A3E3838-F477-4C6D-B809-46CA5E7D821C}"
	ProjectSection(ProjectDependencies) = postProject
		{B572468D-A94C-4EDE-8082-F6DE865B19CD} = {B572468D-A94C-4EDE-8082-F6DE865B19CD}
	EndProjectSection
EndProject
Project("{8BC9CEB8-8B4A-11D0-8D11-00A0C91BC942}") = "ImageColorAdjustment", "src\ImageColorAdjustment.vcxproj", "{8F356941-A7A9-48A0-A184-9393C91CD33E}"
EndProject
Global
	GlobalSection(SolutionConfigurationPlatforms) = preSolution
		Debug|x64 = Debug|x64
		Release|x64 = Release|x64
	EndGlobalSection
	GlobalSection(ProjectConfigurationPlatforms) = postSolution
		{B572468D-A94C-4EDE-8082-F6DE865B19CD}.Debug|x64.ActiveCfg = Debug|x64
		{B572468D-A94C-4EDE-8082-F6DE865B19CD}.Debug|x64.Build.0 = Debug|x64
		{B572468D-A94C-4EDE-8082-F6DE865B19CD}.Release|x64.ActiveCfg = Release|x64
		{B572468D-A94C-4EDE-8082-F6DE865B19CD}.Release|x64.Build.0 = Release|x64
		{DBBC8267-5035-49DD-A0B7-63567F765D4C}.Debug|x64.ActiveCfg = Debug|x64
		{DBBC8267-5035-49DD-A0B7-63567F765D4C}.Debug|x64.Build.0 = Debug|x64
		{DBBC8267-5035-49DD-A0B7-63567F765D4C}.Release|x64.ActiveCfg = Release|x64
		{DBBC8267-5035-49DD-A0B7-63567F765D4C}.Release|x64.Build.0 = Release|x64
		{915F1CB2-4C26-4A60-B4A8-14F364871B33}.Debug|x64.ActiveCfg = Debug|x64
		{915F1CB2-4C26-4A60-B4A8-14F364871B33}.Debug|x64.Build.0 = Debug|x64
		{915F1CB2-4C26-4A60-B4A8-14F364871B33}.Release|x64.ActiveCfg = Release|x64
		{915F1CB2-4C26-4A60-B4A8-14F364871B33}.Release|x64.Build.0 = Release|x64
		{9D98709F-6A04-4136-93F9-FA090F29C9CA}.Debug|x64.ActiveCfg = Debug|x64
		{9D98709F-6A04-4136-93F9-FA090F29C9CA}.Debug|x64.Build.0 = Debug|x64
		{9D98709F-6A04-4136-93F9-FA090F29C9CA}.Release|x64.ActiveCfg = Release|x64
		{9D98709F-6A04-4136-93F9-FA090F29C9CA}.Release|x64.Build.0 = Release|x64
		{5A3E3838-F477-4C6D-B809-46CA5E7D821C}.Debug|x64.ActiveCfg = Debug|x64
		{5A3E3838-F477-4C6D-B809-46CA5E7D821C}.Debug|x64.Build.0 = Debug|x64
		{5A3E3838-F477-4C6D-B809-46CA5E7D821C}.Release|x64.ActiveCfg = Release|x64
		{5A3E3838-F477-4C6D-B809-46CA5E7D821C}.Release|x64.Build.0 = Release|x64
		{8F356941-A7A9-48A0-A184-9393C91CD33E}.Debug|x64.ActiveCfg = Debug|x64
		{8F356941-A7A9-48A0-A184-9393C91CD33E}.Debug|x64.Build.0 = Debug|x64
		{8F356941-A7A9-48A0-A184-9393C91CD33E}.Release|x64.ActiveCfg = Release|x64
		{8F356941-A7A9-48A0-A184-9393C91CD33E}.Release|x64.Build.0 = Release|x64
	EndGlobalSection
	GlobalSection(SolutionProperties) = preSolution
		HideSolutionNode = FALSE
	EndGlobalSection
	GlobalSection(ExtensibilityGlobals) = postSolution
		SolutionGuid = {FFBAE130-8C03-4DC8-92E5-ACB618F62F7B}
	EndGlobalSection
EndGlobal
