<?xml version="1.0" encoding="utf-8"?>
<Project ToolsVersion="4.0" xmlns="http://schemas.microsoft.com/developer/msbuild/2003">
  <ItemGroup>
    <ClCompile Include="main.cpp" />
    <ClCompile Include="Core\glad.c">
      <Filter>Core</Filter>
    </ClCompile>
    <ClCompile Include="Core\HeliumCommon.cpp">
      <Filter>Core</Filter>
    </ClCompile>
    <ClCompile Include="Core\HeObject.cpp">
      <Filter>Core</Filter>
    </ClCompile>
    <ClCompile Include="Graphics\HeIndexBufferObject.cpp">
      <Filter>Graphics</Filter>
    </ClCompile>
    <ClCompile Include="Graphics\HeMaterial.cpp">
      <Filter>Graphics</Filter>
    </ClCompile>
    <ClCompile Include="Graphics\HeShader.cpp">
      <Filter>Graphics</Filter>
    </ClCompile>
    <ClCompile Include="Graphics\HeVertexArrayObject.cpp">
      <Filter>Graphics</Filter>
    </ClCompile>
    <ClCompile Include="Graphics\stb_image.cpp">
      <Filter>Graphics</Filter>
    </ClCompile>
    <ClCompile Include="Scene\HeCamera.cpp">
      <Filter>Scene</Filter>
    </ClCompile>
    <ClCompile Include="Scene\HeCameraManipulator.cpp">
      <Filter>Scene</Filter>
    </ClCompile>
    <ClCompile Include="Scene\HeScene.cpp">
      <Filter>Scene</Filter>
    </ClCompile>
    <ClCompile Include="Scene\HeSceneNode.cpp">
      <Filter>Scene</Filter>
    </ClCompile>
    <ClCompile Include="Graphics\HeGraphics.cpp">
      <Filter>Graphics</Filter>
    </ClCompile>
    <ClCompile Include="Helium.cpp" />
    <ClCompile Include="Core\HeTime.cpp">
      <Filter>Core</Filter>
    </ClCompile>
    <ClCompile Include="Graphics\Geometry\HeGeometry.cpp">
      <Filter>Graphics\Geometry</Filter>
    </ClCompile>
    <ClCompile Include="Graphics\Geometry\HeThickLines.cpp">
      <Filter>Graphics\Geometry</Filter>
    </ClCompile>
    <ClCompile Include="Graphics\Geometry\HePlaneGeometry.cpp">
      <Filter>Graphics\Geometry</Filter>
    </ClCompile>
    <ClCompile Include="Graphics\Texture\HeTexture.cpp">
      <Filter>Graphics\Texture</Filter>
    </ClCompile>
    <ClCompile Include="Graphics\Image\HeImage.cpp">
      <Filter>Graphics\Image</Filter>
    </ClCompile>
    <ClCompile Include="Graphics\Texture\HeCanvasTexture.cpp">
      <Filter>Graphics\Texture</Filter>
    </ClCompile>
    <ClCompile Include="Graphics\Image\HeCanvasImage.cpp">
      <Filter>Graphics\Image</Filter>
    </ClCompile>
    <ClCompile Include="Graphics\HeFrameBufferObject.cpp">
      <Filter>Graphics</Filter>
    </ClCompile>
    <ClCompile Include="Graphics\Geometry\HeSkyboxGeometry.cpp">
      <Filter>Graphics\Geometry</Filter>
    </ClCompile>
    <ClCompile Include="Graphics\Texture\HeCubemapTexture.cpp">
      <Filter>Graphics\Texture</Filter>
    </ClCompile>
    <ClCompile Include="Graphics\Image\HeFontImage.cpp">
      <Filter>Graphics\Image</Filter>
    </ClCompile>
    <ClCompile Include="nanovg.c" />
    <ClCompile Include="Graphics\Geometry\HeTriangleSoupGeometry.cpp">
      <Filter>Graphics\Geometry</Filter>
    </ClCompile>
    <ClCompile Include="Core\HeFile.cpp">
      <Filter>Core</Filter>
    </ClCompile>
    <ClCompile Include="Core\HeResourceIO.cpp">
      <Filter>Core</Filter>
    </ClCompile>
    <ClCompile Include="Graphics\HeAABB.cpp">
      <Filter>Graphics</Filter>
    </ClCompile>
    <ClCompile Include="Graphics\HePlane.cpp">
      <Filter>Graphics</Filter>
    </ClCompile>
    <ClCompile Include="Graphics\HeFrustum.cpp">
      <Filter>Graphics</Filter>
    </ClCompile>
  </ItemGroup>
  <ItemGroup>
    <ClInclude Include="Helium.h" />
    <ClInclude Include="Core\Core.h">
      <Filter>Core</Filter>
    </ClInclude>
    <ClInclude Include="Core\HeliumCommon.h">
      <Filter>Core</Filter>
    </ClInclude>
    <ClInclude Include="Core\HeObject.h">
      <Filter>Core</Filter>
    </ClInclude>
    <ClInclude Include="Graphics\Graphics.h">
      <Filter>Graphics</Filter>
    </ClInclude>
    <ClInclude Include="Graphics\HeIndexBufferObject.h">
      <Filter>Graphics</Filter>
    </ClInclude>
    <ClInclude Include="Graphics\HeMaterial.h">
      <Filter>Graphics</Filter>
    </ClInclude>
    <ClInclude Include="Graphics\HeShader.h">
      <Filter>Graphics</Filter>
    </ClInclude>
    <ClInclude Include="Graphics\HeVertexArrayObject.h">
      <Filter>Graphics</Filter>
    </ClInclude>
    <ClInclude Include="Graphics\HeVertexBufferObject.hpp">
      <Filter>Graphics</Filter>
    </ClInclude>
    <ClInclude Include="Scene\HeCamera.h">
      <Filter>Scene</Filter>
    </ClInclude>
    <ClInclude Include="Scene\HeCameraManipulator.h">
      <Filter>Scene</Filter>
    </ClInclude>
    <ClInclude Include="Scene\HeScene.h">
      <Filter>Scene</Filter>
    </ClInclude>
    <ClInclude Include="Scene\HeSceneNode.h">
      <Filter>Scene</Filter>
    </ClInclude>
    <ClInclude Include="Scene\Scene.h">
      <Filter>Scene</Filter>
    </ClInclude>
    <ClInclude Include="Graphics\HeGraphics.h">
      <Filter>Graphics</Filter>
    </ClInclude>
    <ClInclude Include="Core\HeTime.h">
      <Filter>Core</Filter>
    </ClInclude>
    <ClInclude Include="Graphics\Geometry\Geometry.h">
      <Filter>Graphics\Geometry</Filter>
    </ClInclude>
    <ClInclude Include="Graphics\Geometry\HeGeometry.h">
      <Filter>Graphics\Geometry</Filter>
    </ClInclude>
    <ClInclude Include="Graphics\Geometry\HeThickLines.h">
      <Filter>Graphics\Geometry</Filter>
    </ClInclude>
    <ClInclude Include="Graphics\Geometry\HePlaneGeometry.h">
      <Filter>Graphics\Geometry</Filter>
    </ClInclude>
    <ClInclude Include="Graphics\Texture\HeTexture.h">
      <Filter>Graphics\Texture</Filter>
    </ClInclude>
    <ClInclude Include="Graphics\Texture\Texture.h">
      <Filter>Graphics\Texture</Filter>
    </ClInclude>
    <ClInclude Include="Graphics\Image\Image.h">
      <Filter>Graphics\Image</Filter>
    </ClInclude>
    <ClInclude Include="Graphics\Image\HeImage.h">
      <Filter>Graphics\Image</Filter>
    </ClInclude>
    <ClInclude Include="Graphics\Texture\HeCanvasTexture.h">
      <Filter>Graphics\Texture</Filter>
    </ClInclude>
    <ClInclude Include="Graphics\Image\HeCanvasImage.h">
      <Filter>Graphics\Image</Filter>
    </ClInclude>
    <ClInclude Include="Graphics\HeFrameBufferObject.h">
      <Filter>Graphics</Filter>
    </ClInclude>
    <ClInclude Include="Graphics\Geometry\HeSkyboxGeometry.h">
      <Filter>Graphics\Geometry</Filter>
    </ClInclude>
    <ClInclude Include="Graphics\Texture\HeCubemapTexture.h">
      <Filter>Graphics\Texture</Filter>
    </ClInclude>
    <ClInclude Include="Graphics\Image\HeFontImage.h">
      <Filter>Graphics\Image</Filter>
    </ClInclude>
    <ClInclude Include="Graphics\Geometry\HeTriangleSoupGeometry.h">
      <Filter>Graphics\Geometry</Filter>
    </ClInclude>
    <ClInclude Include="Core\HeFile.h">
      <Filter>Core</Filter>
    </ClInclude>
    <ClInclude Include="Core\HeResourceIO.h">
      <Filter>Core</Filter>
    </ClInclude>
    <ClInclude Include="Graphics\HeAABB.h">
      <Filter>Graphics</Filter>
    </ClInclude>
    <ClInclude Include="Graphics\HePlane.h">
      <Filter>Graphics</Filter>
    </ClInclude>
    <ClInclude Include="Graphics\HeFrustum.h">
      <Filter>Graphics</Filter>
    </ClInclude>
  </ItemGroup>
  <ItemGroup>
    <Filter Include="Core">
      <UniqueIdentifier>{e9fdec74-b05e-4686-9f45-82d2f46e112b}</UniqueIdentifier>
    </Filter>
    <Filter Include="Graphics">
      <UniqueIdentifier>{adea84cd-e2f5-4814-8cbf-0bccce74c1a4}</UniqueIdentifier>
    </Filter>
    <Filter Include="Scene">
      <UniqueIdentifier>{d562c83a-c326-4a1b-8c85-c6a27cbbb6f0}</UniqueIdentifier>
    </Filter>
    <Filter Include="Graphics\Geometry">
      <UniqueIdentifier>{654b11fe-1c49-4e2b-8214-0f90d80b0011}</UniqueIdentifier>
    </Filter>
    <Filter Include="Graphics\Texture">
      <UniqueIdentifier>{b9992d5a-6e16-4906-83c5-b94db50e919d}</UniqueIdentifier>
    </Filter>
    <Filter Include="Graphics\Image">
      <UniqueIdentifier>{14c5fd2c-898a-44ca-ab66-0d2361b7a9e2}</UniqueIdentifier>
    </Filter>
  </ItemGroup>
</Project>