<?xml version="1.0" encoding="utf-8"?>
<Project ToolsVersion="4.0" xmlns="http://schemas.microsoft.com/developer/msbuild/2003">
  <ItemGroup>
    <ClCompile Include="main.cpp" />
    <ClCompile Include="HeObject.cpp" />
    <ClCompile Include="HeID.cpp" />
    <ClCompile Include="glad.c" />
    <ClCompile Include="HeSceneNode.cpp" />
    <ClCompile Include="HeScene.cpp" />
    <ClCompile Include="HeShader.cpp" />
    <ClCompile Include="stb_image.cpp" />
    <ClCompile Include="HeGeometry.cpp" />
    <ClCompile Include="HeVertexArrayObject.cpp" />
    <ClCompile Include="HeliumCommon.cpp" />
    <ClCompile Include="HeCamera.cpp" />
    <ClCompile Include="HeTexture.cpp" />
    <ClCompile Include="HeImage.cpp" />
    <ClCompile Include="HeMaterial.cpp" />
    <ClCompile Include="HeThickLines1.cpp" />
    <ClCompile Include="HeThickLines.cpp" />
    <ClCompile Include="imgui.cpp" />
    <ClCompile Include="imgui_draw.cpp" />
    <ClCompile Include="imgui_widgets.cpp" />
    <ClCompile Include="imgui_impl_glfw.cpp" />
    <ClCompile Include="imgui_impl_opengl3.cpp" />
    <ClCompile Include="imgui_demo.cpp" />
  </ItemGroup>
  <ItemGroup>
    <ClInclude Include="Helium.h" />
    <ClInclude Include="HeliumCommon.h" />
    <ClInclude Include="HeScene.h" />
    <ClInclude Include="HeSceneNode.h" />
    <ClInclude Include="HeObject.h" />
    <ClInclude Include="HeID.h" />
    <ClInclude Include="HeShader.h" />
    <ClInclude Include="HeGeometry.h" />
    <ClInclude Include="HeVertexArrayObject.h" />
    <ClInclude Include="HeCamera.h" />
    <ClInclude Include="HeTexture.h" />
    <ClInclude Include="HeImage.h" />
    <ClInclude Include="HeVertexBufferObject.hpp" />
    <ClInclude Include="HeMaterial.h" />
    <ClInclude Include="HeThickLines1.h" />
    <ClInclude Include="HeThickLines.h" />
  </ItemGroup>
</Project>