<?xml version="1.0" encoding="utf-8"?>
<Project ToolsVersion="4.0" xmlns="http://schemas.microsoft.com/developer/msbuild/2003">
  <ItemGroup>
    <ClCompile Include="main.cpp" />
    <ClCompile Include="Core\glad.c">
      <Filter>Core</Filter>
    </ClCompile>
    <ClCompile Include="Core\HeliumCommon.cpp">
      <Filter>Core</Filter>
    </ClCompile>
    <ClCompile Include="Core\HeObject.cpp">
      <Filter>Core</Filter>
    </ClCompile>
    <ClCompile Include="Graphics\HeGeometry.cpp">
      <Filter>Graphics</Filter>
    </ClCompile>
    <ClCompile Include="Graphics\HeImage.cpp">
      <Filter>Graphics</Filter>
    </ClCompile>
    <ClCompile Include="Graphics\HeIndexBufferObject.cpp">
      <Filter>Graphics</Filter>
    </ClCompile>
    <ClCompile Include="Graphics\HeMaterial.cpp">
      <Filter>Graphics</Filter>
    </ClCompile>
    <ClCompile Include="Graphics\HeShader.cpp">
      <Filter>Graphics</Filter>
    </ClCompile>
    <ClCompile Include="Graphics\HeTexture.cpp">
      <Filter>Graphics</Filter>
    </ClCompile>
    <ClCompile Include="Graphics\HeThickLines.cpp">
      <Filter>Graphics</Filter>
    </ClCompile>
    <ClCompile Include="Graphics\HeThickLines1.cpp">
      <Filter>Graphics</Filter>
    </ClCompile>
    <ClCompile Include="Graphics\HeVertexArrayObject.cpp">
      <Filter>Graphics</Filter>
    </ClCompile>
    <ClCompile Include="Graphics\stb_image.cpp">
      <Filter>Graphics</Filter>
    </ClCompile>
    <ClCompile Include="Scene\HeCamera.cpp">
      <Filter>Scene</Filter>
    </ClCompile>
    <ClCompile Include="Scene\HeCameraManipulator.cpp">
      <Filter>Scene</Filter>
    </ClCompile>
    <ClCompile Include="Scene\HeScene.cpp">
      <Filter>Scene</Filter>
    </ClCompile>
    <ClCompile Include="Scene\HeSceneNode.cpp">
      <Filter>Scene</Filter>
    </ClCompile>
    <ClCompile Include="Graphics\HeGraphics.cpp">
      <Filter>Graphics</Filter>
    </ClCompile>
    <ClCompile Include="Helium.cpp" />
  </ItemGroup>
  <ItemGroup>
    <ClInclude Include="Helium.h" />
    <ClInclude Include="Core\Core.h">
      <Filter>Core</Filter>
    </ClInclude>
    <ClInclude Include="Core\HeliumCommon.h">
      <Filter>Core</Filter>
    </ClInclude>
    <ClInclude Include="Core\HeObject.h">
      <Filter>Core</Filter>
    </ClInclude>
    <ClInclude Include="Graphics\Graphics.h">
      <Filter>Graphics</Filter>
    </ClInclude>
    <ClInclude Include="Graphics\HeGeometry.h">
      <Filter>Graphics</Filter>
    </ClInclude>
    <ClInclude Include="Graphics\HeImage.h">
      <Filter>Graphics</Filter>
    </ClInclude>
    <ClInclude Include="Graphics\HeIndexBufferObject.h">
      <Filter>Graphics</Filter>
    </ClInclude>
    <ClInclude Include="Graphics\HeMaterial.h">
      <Filter>Graphics</Filter>
    </ClInclude>
    <ClInclude Include="Graphics\HeShader.h">
      <Filter>Graphics</Filter>
    </ClInclude>
    <ClInclude Include="Graphics\HeTexture.h">
      <Filter>Graphics</Filter>
    </ClInclude>
    <ClInclude Include="Graphics\HeThickLines.h">
      <Filter>Graphics</Filter>
    </ClInclude>
    <ClInclude Include="Graphics\HeThickLines1.h">
      <Filter>Graphics</Filter>
    </ClInclude>
    <ClInclude Include="Graphics\HeVertexArrayObject.h">
      <Filter>Graphics</Filter>
    </ClInclude>
    <ClInclude Include="Graphics\HeVertexBufferObject.hpp">
      <Filter>Graphics</Filter>
    </ClInclude>
    <ClInclude Include="Scene\HeCamera.h">
      <Filter>Scene</Filter>
    </ClInclude>
    <ClInclude Include="Scene\HeCameraManipulator.h">
      <Filter>Scene</Filter>
    </ClInclude>
    <ClInclude Include="Scene\HeScene.h">
      <Filter>Scene</Filter>
    </ClInclude>
    <ClInclude Include="Scene\HeSceneNode.h">
      <Filter>Scene</Filter>
    </ClInclude>
    <ClInclude Include="Scene\Scene.h">
      <Filter>Scene</Filter>
    </ClInclude>
    <ClInclude Include="Graphics\HeGraphics.h">
      <Filter>Graphics</Filter>
    </ClInclude>
  </ItemGroup>
  <ItemGroup>
    <Filter Include="Core">
      <UniqueIdentifier>{e9fdec74-b05e-4686-9f45-82d2f46e112b}</UniqueIdentifier>
    </Filter>
    <Filter Include="Graphics">
      <UniqueIdentifier>{adea84cd-e2f5-4814-8cbf-0bccce74c1a4}</UniqueIdentifier>
    </Filter>
    <Filter Include="Scene">
      <UniqueIdentifier>{d562c83a-c326-4a1b-8c85-c6a27cbbb6f0}</UniqueIdentifier>
    </Filter>
  </ItemGroup>
</Project>