<?xml version="1.0" encoding="utf-8"?>
<Project ToolsVersion="4.0" xmlns="http://schemas.microsoft.com/developer/msbuild/2003">
  <ItemGroup>
    <ClInclude Include="stdafx.h" />
    <ClInclude Include="targetver.h" />
    <ClInclude Include="HeliumCommon.h" />
    <ClInclude Include="Helium.h" />
    <ClInclude Include="internal\_Helium.h">
      <Filter>internal</Filter>
    </ClInclude>
    <ClInclude Include="internal\_Window.h">
      <Filter>internal</Filter>
    </ClInclude>
    <ClInclude Include="Window.h" />
    <ClInclude Include="GraphicsDevice.h" />
    <ClInclude Include="internal\_GraphicsDevice.h">
      <Filter>internal</Filter>
    </ClInclude>
    <ClInclude Include="Scene.h" />
    <ClInclude Include="internal\_Scene.h">
      <Filter>internal</Filter>
    </ClInclude>
  </ItemGroup>
  <ItemGroup>
    <ClCompile Include="dllmain.cpp" />
    <ClCompile Include="stdafx.cpp" />
    <ClCompile Include="internal\_Helium.cpp">
      <Filter>internal</Filter>
    </ClCompile>
    <ClCompile Include="internal\_Window.cpp">
      <Filter>internal</Filter>
    </ClCompile>
    <ClCompile Include="Window.cpp" />
    <ClCompile Include="internal\_GraphicsDevice.cpp">
      <Filter>internal</Filter>
    </ClCompile>
    <ClCompile Include="internal\_Scene.cpp">
      <Filter>internal</Filter>
    </ClCompile>
  </ItemGroup>
  <ItemGroup>
    <Filter Include="internal">
      <UniqueIdentifier>{57d2967e-751d-49aa-a266-fa08115eb2f0}</UniqueIdentifier>
    </Filter>
  </ItemGroup>
</Project>