<?xml version="1.0" encoding="utf-8"?>
<Project ToolsVersion="4.0" xmlns="http://schemas.microsoft.com/developer/msbuild/2003">
  <ItemGroup>
    <ClCompile Include="Helium\Helium.cpp" />
    <ClCompile Include="Helium\nanovg.c" />
    <ClCompile Include="Helium\Scene\HeCamera.cpp">
      <Filter>Scene</Filter>
    </ClCompile>
    <ClCompile Include="Helium\Scene\HeCameraManipulator.cpp">
      <Filter>Scene</Filter>
    </ClCompile>
    <ClCompile Include="Helium\Scene\HeScene.cpp">
      <Filter>Scene</Filter>
    </ClCompile>
    <ClCompile Include="Helium\Scene\HeSceneNode.cpp">
      <Filter>Scene</Filter>
    </ClCompile>
    <ClCompile Include="Helium\Graphics\HeAABB.cpp">
      <Filter>Graphics</Filter>
    </ClCompile>
    <ClCompile Include="Helium\Graphics\HeFrameBufferObject.cpp">
      <Filter>Graphics</Filter>
    </ClCompile>
    <ClCompile Include="Helium\Graphics\HeFrustum.cpp">
      <Filter>Graphics</Filter>
    </ClCompile>
    <ClCompile Include="Helium\Graphics\HeGraphics.cpp">
      <Filter>Graphics</Filter>
    </ClCompile>
    <ClCompile Include="Helium\Graphics\HeIndexBufferObject.cpp">
      <Filter>Graphics</Filter>
    </ClCompile>
    <ClCompile Include="Helium\Graphics\HePlane.cpp">
      <Filter>Graphics</Filter>
    </ClCompile>
    <ClCompile Include="Helium\Graphics\HeShader.cpp">
      <Filter>Graphics</Filter>
    </ClCompile>
    <ClCompile Include="Helium\Graphics\HeVertexArrayObject.cpp">
      <Filter>Graphics</Filter>
    </ClCompile>
    <ClCompile Include="Helium\Graphics\Texture\HeCanvasTexture.cpp">
      <Filter>Graphics\Texture</Filter>
    </ClCompile>
    <ClCompile Include="Helium\Graphics\Texture\HeCubemapTexture.cpp">
      <Filter>Graphics\Texture</Filter>
    </ClCompile>
    <ClCompile Include="Helium\Graphics\Texture\HeTexture.cpp">
      <Filter>Graphics\Texture</Filter>
    </ClCompile>
    <ClCompile Include="Helium\Graphics\Material\HeMaterial.cpp">
      <Filter>Graphics\Material</Filter>
    </ClCompile>
    <ClCompile Include="Helium\Graphics\Material\HeMaterialMutiTexture.cpp">
      <Filter>Graphics\Material</Filter>
    </ClCompile>
    <ClCompile Include="Helium\Graphics\Image\HeCanvasImage.cpp">
      <Filter>Graphics\Image</Filter>
    </ClCompile>
    <ClCompile Include="Helium\Graphics\Image\HeFontImage.cpp">
      <Filter>Graphics\Image</Filter>
    </ClCompile>
    <ClCompile Include="Helium\Graphics\Image\HeImage.cpp">
      <Filter>Graphics\Image</Filter>
    </ClCompile>
    <ClCompile Include="Helium\Graphics\Geometry\HeGeometry.cpp">
      <Filter>Graphics\Geometry</Filter>
    </ClCompile>
    <ClCompile Include="Helium\Graphics\Geometry\HeGeometryPlane.cpp">
      <Filter>Graphics\Geometry</Filter>
    </ClCompile>
    <ClCompile Include="Helium\Graphics\Geometry\HeGeometrySkybox.cpp">
      <Filter>Graphics\Geometry</Filter>
    </ClCompile>
    <ClCompile Include="Helium\Graphics\Geometry\HeGeometryThickLines.cpp">
      <Filter>Graphics\Geometry</Filter>
    </ClCompile>
    <ClCompile Include="Helium\Graphics\Geometry\HeGeometryTriangleSoup.cpp">
      <Filter>Graphics\Geometry</Filter>
    </ClCompile>
    <ClCompile Include="Helium\Core\glad.c">
      <Filter>Core</Filter>
    </ClCompile>
    <ClCompile Include="Helium\Core\HeFile.cpp">
      <Filter>Core</Filter>
    </ClCompile>
    <ClCompile Include="Helium\Core\HeliumCommon.cpp">
      <Filter>Core</Filter>
    </ClCompile>
    <ClCompile Include="Helium\Core\HeObject.cpp">
      <Filter>Core</Filter>
    </ClCompile>
    <ClCompile Include="Helium\Core\HeResourceIO.cpp">
      <Filter>Core</Filter>
    </ClCompile>
    <ClCompile Include="Helium\Core\HeTime.cpp">
      <Filter>Core</Filter>
    </ClCompile>
    <ClCompile Include="Helium\Graphics\HeOctree.cpp">
      <Filter>Graphics</Filter>
    </ClCompile>
    <ClCompile Include="Helium\Core\HeWindow.cpp">
      <Filter>Core</Filter>
    </ClCompile>
    <ClCompile Include="Helium\Core\HePerformance.cpp">
      <Filter>Core</Filter>
    </ClCompile>
    <ClCompile Include="Helium\Core\Project\HeCameraInfo.cpp">
      <Filter>Core\Project</Filter>
    </ClCompile>
    <ClCompile Include="Helium\Core\Project\HeFrameInfo.cpp">
      <Filter>Core\Project</Filter>
    </ClCompile>
    <ClCompile Include="Helium\Core\Project\HeProject.cpp">
      <Filter>Core\Project</Filter>
    </ClCompile>
    <ClCompile Include="Helium\Core\imgui\imgui.cpp">
      <Filter>Core\imgui</Filter>
    </ClCompile>
    <ClCompile Include="Helium\Core\imgui\imgui_demo.cpp">
      <Filter>Core\imgui</Filter>
    </ClCompile>
    <ClCompile Include="Helium\Core\imgui\imgui_draw.cpp">
      <Filter>Core\imgui</Filter>
    </ClCompile>
    <ClCompile Include="Helium\Core\imgui\imgui_impl_opengl3.cpp">
      <Filter>Core\imgui</Filter>
    </ClCompile>
    <ClCompile Include="Helium\Core\imgui\imgui_tables.cpp">
      <Filter>Core\imgui</Filter>
    </ClCompile>
    <ClCompile Include="Helium\Core\imgui\imgui_widgets.cpp">
      <Filter>Core\imgui</Filter>
    </ClCompile>
    <ClCompile Include="Helium\Core\imgui\imgui_impl_glfw.cpp">
      <Filter>Core\imgui</Filter>
    </ClCompile>
    <ClCompile Include="Helium\Scene\HeSceneNodeImgui.cpp">
      <Filter>Scene</Filter>
    </ClCompile>
    <ClCompile Include="Helium\Graphics\Texture\HeTextureArray.cpp">
      <Filter>Graphics\Texture</Filter>
    </ClCompile>
    <ClCompile Include="Helium\Graphics\Material\HeMaterialTextureArray.cpp">
      <Filter>Graphics\Material</Filter>
    </ClCompile>
    <ClCompile Include="Helium\Graphics\Material\HeMaterialSingleTexture.cpp">
      <Filter>Graphics\Material</Filter>
    </ClCompile>
    <ClCompile Include="Helium\Graphics\Material\HeMaterialReprojection.cpp">
      <Filter>Graphics\Material</Filter>
    </ClCompile>
    <ClCompile Include="Helium\Graphics\Texture\HeTextureFloatData.cpp">
      <Filter>Graphics\Texture</Filter>
    </ClCompile>
    <ClCompile Include="Helium\Graphics\Geometry\HeGeometryBox.cpp">
      <Filter>Graphics\Geometry</Filter>
    </ClCompile>
  </ItemGroup>
  <ItemGroup>
    <ClInclude Include="Helium\Helium.h" />
    <ClInclude Include="Helium\Scene\HeCamera.h">
      <Filter>Scene</Filter>
    </ClInclude>
    <ClInclude Include="Helium\Scene\HeCameraManipulator.h">
      <Filter>Scene</Filter>
    </ClInclude>
    <ClInclude Include="Helium\Scene\HeScene.h">
      <Filter>Scene</Filter>
    </ClInclude>
    <ClInclude Include="Helium\Scene\HeSceneNode.h">
      <Filter>Scene</Filter>
    </ClInclude>
    <ClInclude Include="Helium\Scene\Scene.h">
      <Filter>Scene</Filter>
    </ClInclude>
    <ClInclude Include="Helium\Graphics\Graphics.h">
      <Filter>Graphics</Filter>
    </ClInclude>
    <ClInclude Include="Helium\Graphics\HeAABB.h">
      <Filter>Graphics</Filter>
    </ClInclude>
    <ClInclude Include="Helium\Graphics\HeFrameBufferObject.h">
      <Filter>Graphics</Filter>
    </ClInclude>
    <ClInclude Include="Helium\Graphics\HeFrustum.h">
      <Filter>Graphics</Filter>
    </ClInclude>
    <ClInclude Include="Helium\Graphics\HeGraphics.h">
      <Filter>Graphics</Filter>
    </ClInclude>
    <ClInclude Include="Helium\Graphics\HeIndexBufferObject.h">
      <Filter>Graphics</Filter>
    </ClInclude>
    <ClInclude Include="Helium\Graphics\HePlane.h">
      <Filter>Graphics</Filter>
    </ClInclude>
    <ClInclude Include="Helium\Graphics\HeShader.h">
      <Filter>Graphics</Filter>
    </ClInclude>
    <ClInclude Include="Helium\Graphics\HeVertexArrayObject.h">
      <Filter>Graphics</Filter>
    </ClInclude>
    <ClInclude Include="Helium\Graphics\HeVertexBufferObject.hpp">
      <Filter>Graphics</Filter>
    </ClInclude>
    <ClInclude Include="Helium\Graphics\Texture\HeCanvasTexture.h">
      <Filter>Graphics\Texture</Filter>
    </ClInclude>
    <ClInclude Include="Helium\Graphics\Texture\HeCubemapTexture.h">
      <Filter>Graphics\Texture</Filter>
    </ClInclude>
    <ClInclude Include="Helium\Graphics\Texture\HeTexture.h">
      <Filter>Graphics\Texture</Filter>
    </ClInclude>
    <ClInclude Include="Helium\Graphics\Texture\Texture.h">
      <Filter>Graphics\Texture</Filter>
    </ClInclude>
    <ClInclude Include="Helium\Graphics\Material\HeMaterial.h">
      <Filter>Graphics\Material</Filter>
    </ClInclude>
    <ClInclude Include="Helium\Graphics\Material\HeMaterialMutiTexture.h">
      <Filter>Graphics\Material</Filter>
    </ClInclude>
    <ClInclude Include="Helium\Graphics\Material\Material.h">
      <Filter>Graphics\Material</Filter>
    </ClInclude>
    <ClInclude Include="Helium\Graphics\Image\HeCanvasImage.h">
      <Filter>Graphics\Image</Filter>
    </ClInclude>
    <ClInclude Include="Helium\Graphics\Image\HeFontImage.h">
      <Filter>Graphics\Image</Filter>
    </ClInclude>
    <ClInclude Include="Helium\Graphics\Image\HeImage.h">
      <Filter>Graphics\Image</Filter>
    </ClInclude>
    <ClInclude Include="Helium\Graphics\Image\Image.h">
      <Filter>Graphics\Image</Filter>
    </ClInclude>
    <ClInclude Include="Helium\Graphics\Geometry\Geometry.h">
      <Filter>Graphics\Geometry</Filter>
    </ClInclude>
    <ClInclude Include="Helium\Graphics\Geometry\HeGeometry.h">
      <Filter>Graphics\Geometry</Filter>
    </ClInclude>
    <ClInclude Include="Helium\Graphics\Geometry\HeGeometryPlane.h">
      <Filter>Graphics\Geometry</Filter>
    </ClInclude>
    <ClInclude Include="Helium\Graphics\Geometry\HeGeometrySkybox.h">
      <Filter>Graphics\Geometry</Filter>
    </ClInclude>
    <ClInclude Include="Helium\Graphics\Geometry\HeGeometryThickLines.h">
      <Filter>Graphics\Geometry</Filter>
    </ClInclude>
    <ClInclude Include="Helium\Graphics\Geometry\HeGeometryTriangleSoup.h">
      <Filter>Graphics\Geometry</Filter>
    </ClInclude>
    <ClInclude Include="Helium\Core\Core.h">
      <Filter>Core</Filter>
    </ClInclude>
    <ClInclude Include="Helium\Core\HeFile.h">
      <Filter>Core</Filter>
    </ClInclude>
    <ClInclude Include="Helium\Core\HeliumCommon.h">
      <Filter>Core</Filter>
    </ClInclude>
    <ClInclude Include="Helium\Core\HeObject.h">
      <Filter>Core</Filter>
    </ClInclude>
    <ClInclude Include="Helium\Core\HeResourceIO.h">
      <Filter>Core</Filter>
    </ClInclude>
    <ClInclude Include="Helium\Core\HeTime.h">
      <Filter>Core</Filter>
    </ClInclude>
    <ClInclude Include="Helium\Graphics\HeOctree.h">
      <Filter>Graphics</Filter>
    </ClInclude>
    <ClInclude Include="Helium\Core\HeWindow.h">
      <Filter>Core</Filter>
    </ClInclude>
    <ClInclude Include="Helium\Core\HePerformance.h">
      <Filter>Core</Filter>
    </ClInclude>
    <ClInclude Include="Helium\Core\Project\HeCameraInfo.h">
      <Filter>Core\Project</Filter>
    </ClInclude>
    <ClInclude Include="Helium\Core\Project\HeFrameInfo.h">
      <Filter>Core\Project</Filter>
    </ClInclude>
    <ClInclude Include="Helium\Core\Project\HeProject.h">
      <Filter>Core\Project</Filter>
    </ClInclude>
    <ClInclude Include="Helium\Core\Project\Project.h">
      <Filter>Core\Project</Filter>
    </ClInclude>
    <ClInclude Include="Helium\Scene\HeSceneNodeImgui.h">
      <Filter>Scene</Filter>
    </ClInclude>
    <ClInclude Include="Helium\Graphics\Texture\HeTextureArray.h">
      <Filter>Graphics\Texture</Filter>
    </ClInclude>
    <ClInclude Include="Helium\Graphics\Material\HeMaterialTextureArray.h">
      <Filter>Graphics\Material</Filter>
    </ClInclude>
    <ClInclude Include="Helium\Graphics\Material\HeMaterialSingleTexture.h">
      <Filter>Graphics\Material</Filter>
    </ClInclude>
    <ClInclude Include="Helium\Graphics\Material\HeMaterialReprojection.h">
      <Filter>Graphics\Material</Filter>
    </ClInclude>
    <ClInclude Include="Helium\Graphics\Texture\HeTextureFloatData.h">
      <Filter>Graphics\Texture</Filter>
    </ClInclude>
    <ClInclude Include="Helium\Graphics\Geometry\HeGeometryBox.h">
      <Filter>Graphics\Geometry</Filter>
    </ClInclude>
  </ItemGroup>
  <ItemGroup>
    <Filter Include="Core">
      <UniqueIdentifier>{e9fdec74-b05e-4686-9f45-82d2f46e112b}</UniqueIdentifier>
    </Filter>
    <Filter Include="Graphics">
      <UniqueIdentifier>{adea84cd-e2f5-4814-8cbf-0bccce74c1a4}</UniqueIdentifier>
    </Filter>
    <Filter Include="Scene">
      <UniqueIdentifier>{d562c83a-c326-4a1b-8c85-c6a27cbbb6f0}</UniqueIdentifier>
    </Filter>
    <Filter Include="Graphics\Geometry">
      <UniqueIdentifier>{654b11fe-1c49-4e2b-8214-0f90d80b0011}</UniqueIdentifier>
    </Filter>
    <Filter Include="Graphics\Texture">
      <UniqueIdentifier>{b9992d5a-6e16-4906-83c5-b94db50e919d}</UniqueIdentifier>
    </Filter>
    <Filter Include="Graphics\Image">
      <UniqueIdentifier>{14c5fd2c-898a-44ca-ab66-0d2361b7a9e2}</UniqueIdentifier>
    </Filter>
    <Filter Include="Graphics\Material">
      <UniqueIdentifier>{802a4fff-5530-4234-8092-b4c7d4702433}</UniqueIdentifier>
    </Filter>
    <Filter Include="Core\Project">
      <UniqueIdentifier>{3136d4aa-966b-40cf-a6da-53654e8abce4}</UniqueIdentifier>
    </Filter>
    <Filter Include="Core\imgui">
      <UniqueIdentifier>{1093a0bf-89fc-45d6-88dc-0ee9bed80a17}</UniqueIdentifier>
    </Filter>
  </ItemGroup>
</Project>